
Microsoft Visual Studio Solution File, Format Version 12.00
# Visual Studio Version 17
VisualStudioVersion = 17.4.33205.214
MinimumVisualStudioVersion = 10.0.40219.1
Project("{FAE04EC0-301F-11D3-BF4B-00C04F79EFBC}") = "WindowsFormsApp2", "WindowsFormsApp2\WindowsFormsApp2.csproj", "{FCAAE967-5FDD-4415-97B3-0BFFE600A433}"
EndProject
Global
	GlobalSection(SolutionConfigurationPlatforms) = preSolution
		Debug|Any CPU = Debug|Any CPU
		Release|Any CPU = Release|Any CPU
	EndGlobalSection
	GlobalSection(ProjectConfigurationPlatforms) = postSolution
		{FCAAE967-5FDD-4415-97B3-0BFFE600A433}.Debug|Any CPU.ActiveCfg = Debug|Any CPU
		{FCAAE967-5FDD-4415-97B3-0BFFE600A433}.Debug|Any CPU.Build.0 = Debug|Any CPU
		{FCAAE967-5FDD-4415-97B3-0BFFE600A433}.Release|Any CPU.ActiveCfg = Release|Any CPU
		{FCAAE967-5FDD-4415-97B3-0BFFE600A433}.Release|Any CPU.Build.0 = Release|Any CPU
	EndGlobalSection
	GlobalSection(SolutionProperties) = preSolution
		HideSolutionNode = FALSE
	EndGlobalSection
	GlobalSection(ExtensibilityGlobals) = postSolution
		SolutionGuid = {F0669FFF-17A5-4F56-9910-BA4F70C13F0D}
	EndGlobalSection
EndGlobal
